// !$*UTF8*$!
{
	archiveVersion = 1;
	classes = {
	};
	objectVersion = 46;
	objects = {

/* Begin PBXBuildFile section */
		C6734F761A7A444E0026410F /* main.m in Sources */ = {isa = PBXBuildFile; fileRef = C6734F751A7A444E0026410F /* main.m */; };
		C6734F791A7A444E0026410F /* AppDelegate.m in Sources */ = {isa = PBXBuildFile; fileRef = C6734F781A7A444E0026410F /* AppDelegate.m */; };
		C6734F7C1A7A444E0026410F /* ViewController.m in Sources */ = {isa = PBXBuildFile; fileRef = C6734F7B1A7A444E0026410F /* ViewController.m */; };
		C6734F7F1A7A444E0026410F /* Main.storyboard in Resources */ = {isa = PBXBuildFile; fileRef = C6734F7D1A7A444E0026410F /* Main.storyboard */; };
		C6734F811A7A444E0026410F /* Images.xcassets in Resources */ = {isa = PBXBuildFile; fileRef = C6734F801A7A444E0026410F /* Images.xcassets */; };
		C6734F841A7A444E0026410F /* LaunchScreen.xib in Resources */ = {isa = PBXBuildFile; fileRef = C6734F821A7A444E0026410F /* LaunchScreen.xib */; };
		C6734F901A7A444E0026410F /* TBCustomLabTests.m in Sources */ = {isa = PBXBuildFile; fileRef = C6734F8F1A7A444E0026410F /* TBCustomLabTests.m */; };
		C6734F9E1A7A92AB0026410F /* TBCustomLabel.m in Sources */ = {isa = PBXBuildFile; fileRef = C6734F9D1A7A92AB0026410F /* TBCustomLabel.m */; };
/* End PBXBuildFile section */

/* Begin PBXContainerItemProxy section */
		C6734F8A1A7A444E0026410F /* PBXContainerItemProxy */ = {
			isa = PBXContainerItemProxy;
			containerPortal = C6734F681A7A444D0026410F /* Project object */;
			proxyType = 1;
			remoteGlobalIDString = C6734F6F1A7A444E0026410F;
			remoteInfo = TBCustomLab;
		};
/* End PBXContainerItemProxy section */

/* Begin PBXFileReference section */
		C6734F701A7A444E0026410F /* TBCustomLab.app */ = {isa = PBXFileReference; explicitFileType = wrapper.application; includeInIndex = 0; path = TBCustomLab.app; sourceTree = BUILT_PRODUCTS_DIR; };
		C6734F741A7A444E0026410F /* Info.plist */ = {isa = PBXFileReference; lastKnownFileType = text.plist.xml; path = Info.plist; sourceTree = "<group>"; };
		C6734F751A7A444E0026410F /* main.m */ = {isa = PBXFileReference; lastKnownFileType = sourcecode.c.objc; path = main.m; sourceTree = "<group>"; };
		C6734F771A7A444E0026410F /* AppDelegate.h */ = {isa = PBXFileReference; lastKnownFileType = sourcecode.c.h; path = AppDelegate.h; sourceTree = "<group>"; };
		C6734F781A7A444E0026410F /* AppDelegate.m */ = {isa = PBXFileReference; lastKnownFileType = sourcecode.c.objc; path = AppDelegate.m; sourceTree = "<group>"; };
		C6734F7A1A7A444E0026410F /* ViewController.h */ = {isa = PBXFileReference; lastKnownFileType = sourcecode.c.h; path = ViewController.h; sourceTree = "<group>"; };
		C6734F7B1A7A444E0026410F /* ViewController.m */ = {isa = PBXFileReference; lastKnownFileType = sourcecode.c.objc; path = ViewController.m; sourceTree = "<group>"; };
		C6734F7E1A7A444E0026410F /* Base */ = {isa = PBXFileReference; lastKnownFileType = file.storyboard; name = Base; path = Base.lproj/Main.storyboard; sourceTree = "<group>"; };
		C6734F801A7A444E0026410F /* Images.xcassets */ = {isa = PBXFileReference; lastKnownFileType = folder.assetcatalog; path = Images.xcassets; sourceTree = "<group>"; };
		C6734F831A7A444E0026410F /* Base */ = {isa = PBXFileReference; lastKnownFileType = file.xib; name = Base; path = Base.lproj/LaunchScreen.xib; sourceTree = "<group>"; };
		C6734F891A7A444E0026410F /* TBCustomLabTests.xctest */ = {isa = PBXFileReference; explicitFileType = wrapper.cfbundle; includeInIndex = 0; path = TBCustomLabTests.xctest; sourceTree = BUILT_PRODUCTS_DIR; };
		C6734F8E1A7A444E0026410F /* Info.plist */ = {isa = PBXFileReference; lastKnownFileType = text.plist.xml; path = Info.plist; sourceTree = "<group>"; };
		C6734F8F1A7A444E0026410F /* TBCustomLabTests.m */ = {isa = PBXFileReference; lastKnownFileType = sourcecode.c.objc; path = TBCustomLabTests.m; sourceTree = "<group>"; };
		C6734F9C1A7A92AB0026410F /* TBCustomLabel.h */ = {isa = PBXFileReference; fileEncoding = 4; lastKnownFileType = sourcecode.c.h; path = TBCustomLabel.h; sourceTree = "<group>"; };
		C6734F9D1A7A92AB0026410F /* TBCustomLabel.m */ = {isa = PBXFileReference; fileEncoding = 4; lastKnownFileType = sourcecode.c.objc; path = TBCustomLabel.m; sourceTree = "<group>"; };
/* End PBXFileReference section */

/* Begin PBXFrameworksBuildPhase section */
		C6734F6D1A7A444E0026410F /* Frameworks */ = {
			isa = PBXFrameworksBuildPhase;
			buildActionMask = 2147483647;
			files = (
			);
			runOnlyForDeploymentPostprocessing = 0;
		};
		C6734F861A7A444E0026410F /* Frameworks */ = {
			isa = PBXFrameworksBuildPhase;
			buildActionMask = 2147483647;
			files = (
			);
			runOnlyForDeploymentPostprocessing = 0;
		};
/* End PBXFrameworksBuildPhase section */

/* Begin PBXGroup section */
		C6734F671A7A444D0026410F = {
			isa = PBXGroup;
			children = (
				C6734F721A7A444E0026410F /* TBCustomLab */,
				C6734F8C1A7A444E0026410F /* TBCustomLabTests */,
				C6734F711A7A444E0026410F /* Products */,
			);
			sourceTree = "<group>";
		};
		C6734F711A7A444E0026410F /* Products */ = {
			isa = PBXGroup;
			children = (
				C6734F701A7A444E0026410F /* TBCustomLab.app */,
				C6734F891A7A444E0026410F /* TBCustomLabTests.xctest */,
			);
			name = Products;
			sourceTree = "<group>";
		};
		C6734F721A7A444E0026410F /* TBCustomLab */ = {
			isa = PBXGroup;
			children = (
				C6734F9C1A7A92AB0026410F /* TBCustomLabel.h */,
				C6734F9D1A7A92AB0026410F /* TBCustomLabel.m */,
				C6734F771A7A444E0026410F /* AppDelegate.h */,
				C6734F781A7A444E0026410F /* AppDelegate.m */,
				C6734F7A1A7A444E0026410F /* ViewController.h */,
				C6734F7B1A7A444E0026410F /* ViewController.m */,
				C6734F7D1A7A444E0026410F /* Main.storyboard */,
				C6734F801A7A444E0026410F /* Images.xcassets */,
				C6734F821A7A444E0026410F /* LaunchScreen.xib */,
				C6734F731A7A444E0026410F /* Supporting Files */,
			);
			path = TBCustomLab;
			sourceTree = "<group>";
		};
		C6734F731A7A444E0026410F /* Supporting Files */ = {
			isa = PBXGroup;
			children = (
				C6734F741A7A444E0026410F /* Info.plist */,
				C6734F751A7A444E0026410F /* main.m */,
			);
			name = "Supporting Files";
			sourceTree = "<group>";
		};
		C6734F8C1A7A444E0026410F /* TBCustomLabTests */ = {
			isa = PBXGroup;
			children = (
				C6734F8F1A7A444E0026410F /* TBCustomLabTests.m */,
				C6734F8D1A7A444E0026410F /* Supporting Files */,
			);
			path = TBCustomLabTests;
			sourceTree = "<group>";
		};
		C6734F8D1A7A444E0026410F /* Supporting Files */ = {
			isa = PBXGroup;
			children = (
				C6734F8E1A7A444E0026410F /* Info.plist */,
			);
			name = "Supporting Files";
			sourceTree = "<group>";
		};
/* End PBXGroup section */

/* Begin PBXNativeTarget section */
		C6734F6F1A7A444E0026410F /* TBCustomLab */ = {
			isa = PBXNativeTarget;
			buildConfigurationList = C6734F931A7A444E0026410F /* Build configuration list for PBXNativeTarget "TBCustomLab" */;
			buildPhases = (
				C6734F6C1A7A444E0026410F /* Sources */,
				C6734F6D1A7A444E0026410F /* Frameworks */,
				C6734F6E1A7A444E0026410F /* Resources */,
			);
			buildRules = (
			);
			dependencies = (
			);
			name = TBCustomLab;
			productName = TBCustomLab;
			productReference = C6734F701A7A444E0026410F /* TBCustomLab.app */;
			productType = "com.apple.product-type.application";
		};
		C6734F881A7A444E0026410F /* TBCustomLabTests */ = {
			isa = PBXNativeTarget;
			buildConfigurationList = C6734F961A7A444E0026410F /* Build configuration list for PBXNativeTarget "TBCustomLabTests" */;
			buildPhases = (
				C6734F851A7A444E0026410F /* Sources */,
				C6734F861A7A444E0026410F /* Frameworks */,
				C6734F871A7A444E0026410F /* Resources */,
			);
			buildRules = (
			);
			dependencies = (
				C6734F8B1A7A444E0026410F /* PBXTargetDependency */,
			);
			name = TBCustomLabTests;
			productName = TBCustomLabTests;
			productReference = C6734F891A7A444E0026410F /* TBCustomLabTests.xctest */;
			productType = "com.apple.product-type.bundle.unit-test";
		};
/* End PBXNativeTarget section */

/* Begin PBXProject section */
		C6734F681A7A444D0026410F /* Project object */ = {
			isa = PBXProject;
			attributes = {
				LastUpgradeCheck = 0600;
				ORGANIZATIONNAME = TongBin;
				TargetAttributes = {
					C6734F6F1A7A444E0026410F = {
						CreatedOnToolsVersion = 6.0;
					};
					C6734F881A7A444E0026410F = {
						CreatedOnToolsVersion = 6.0;
						TestTargetID = C6734F6F1A7A444E0026410F;
					};
				};
			};
			buildConfigurationList = C6734F6B1A7A444D0026410F /* Build configuration list for PBXProject "TBCustomLab" */;
			compatibilityVersion = "Xcode 3.2";
			developmentRegion = English;
			hasScannedForEncodings = 0;
			knownRegions = (
				en,
				Base,
			);
			mainGroup = C6734F671A7A444D0026410F;
			productRefGroup = C6734F711A7A444E0026410F /* Products */;
			projectDirPath = "";
			projectRoot = "";
			targets = (
				C6734F6F1A7A444E0026410F /* TBCustomLab */,
				C6734F881A7A444E0026410F /* TBCustomLabTests */,
			);
		};
/* End PBXProject section */

/* Begin PBXResourcesBuildPhase section */
		C6734F6E1A7A444E0026410F /* Resources */ = {
			isa = PBXResourcesBuildPhase;
			buildActionMask = 2147483647;
			files = (
				C6734F7F1A7A444E0026410F /* Main.storyboard in Resources */,
				C6734F841A7A444E0026410F /* LaunchScreen.xib in Resources */,
				C6734F811A7A444E0026410F /* Images.xcassets in Resources */,
			);
			runOnlyForDeploymentPostprocessing = 0;
		};
		C6734F871A7A444E0026410F /* Resources */ = {
			isa = PBXResourcesBuildPhase;
			buildActionMask = 2147483647;
			files = (
			);
			runOnlyForDeploymentPostprocessing = 0;
		};
/* End PBXResourcesBuildPhase section */

/* Begin PBXSourcesBuildPhase section */
		C6734F6C1A7A444E0026410F /* Sources */ = {
			isa = PBXSourcesBuildPhase;
			buildActionMask = 2147483647;
			files = (
				C6734F7C1A7A444E0026410F /* ViewController.m in Sources */,
				C6734F791A7A444E0026410F /* AppDelegate.m in Sources */,
				C6734F761A7A444E0026410F /* main.m in Sources */,
				C6734F9E1A7A92AB0026410F /* TBCustomLabel.m in Sources */,
			);
			runOnlyForDeploymentPostprocessing = 0;
		};
		C6734F851A7A444E0026410F /* Sources */ = {
			isa = PBXSourcesBuildPhase;
			buildActionMask = 2147483647;
			files = (
				C6734F901A7A444E0026410F /* TBCustomLabTests.m in Sources */,
			);
			runOnlyForDeploymentPostprocessing = 0;
		};
/* End PBXSourcesBuildPhase section */

/* Begin PBXTargetDependency section */
		C6734F8B1A7A444E0026410F /* PBXTargetDependency */ = {
			isa = PBXTargetDependency;
			target = C6734F6F1A7A444E0026410F /* TBCustomLab */;
			targetProxy = C6734F8A1A7A444E0026410F /* PBXContainerItemProxy */;
		};
/* End PBXTargetDependency section */

/* Begin PBXVariantGroup section */
		C6734F7D1A7A444E0026410F /* Main.storyboard */ = {
			isa = PBXVariantGroup;
			children = (
				C6734F7E1A7A444E0026410F /* Base */,
			);
			name = Main.storyboard;
			sourceTree = "<group>";
		};
		C6734F821A7A444E0026410F /* LaunchScreen.xib */ = {
			isa = PBXVariantGroup;
			children = (
				C6734F831A7A444E0026410F /* Base */,
			);
			name = LaunchScreen.xib;
			sourceTree = "<group>";
		};
/* End PBXVariantGroup section */

/* Begin XCBuildConfiguration section */
		C6734F911A7A444E0026410F /* Debug */ = {
			isa = XCBuildConfiguration;
			buildSettings = {
				ALWAYS_SEARCH_USER_PATHS = NO;
				CLANG_CXX_LANGUAGE_STANDARD = "gnu++0x";
				CLANG_CXX_LIBRARY = "libc++";
				CLANG_ENABLE_MODULES = YES;
				CLANG_ENABLE_OBJC_ARC = YES;
				CLANG_WARN_BOOL_CONVERSION = YES;
				CLANG_WARN_CONSTANT_CONVERSION = YES;
				CLANG_WARN_DIRECT_OBJC_ISA_USAGE = YES_ERROR;
				CLANG_WARN_EMPTY_BODY = YES;
				CLANG_WARN_ENUM_CONVERSION = YES;
				CLANG_WARN_INT_CONVERSION = YES;
				CLANG_WARN_OBJC_ROOT_CLASS = YES_ERROR;
				CLANG_WARN_UNREACHABLE_CODE = YES;
				CLANG_WARN__DUPLICATE_METHOD_MATCH = YES;
				"CODE_SIGN_IDENTITY[sdk=iphoneos*]" = "iPhone Developer";
				COPY_PHASE_STRIP = NO;
				ENABLE_STRICT_OBJC_MSGSEND = YES;
				GCC_C_LANGUAGE_STANDARD = gnu99;
				GCC_DYNAMIC_NO_PIC = NO;
				GCC_OPTIMIZATION_LEVEL = 0;
				GCC_PREPROCESSOR_DEFINITIONS = (
					"DEBUG=1",
					"$(inherited)",
				);
				GCC_SYMBOLS_PRIVATE_EXTERN = NO;
				GCC_WARN_64_TO_32_BIT_CONVERSION = YES;
				GCC_WARN_ABOUT_RETURN_TYPE = YES_ERROR;
				GCC_WARN_UNDECLARED_SELECTOR = YES;
				GCC_WARN_UNINITIALIZED_AUTOS = YES_AGGRESSIVE;
				GCC_WARN_UNUSED_FUNCTION = YES;
				GCC_WARN_UNUSED_VARIABLE = YES;
				IPHONEOS_DEPLOYMENT_TARGET = 8.0;
				MTL_ENABLE_DEBUG_INFO = YES;
				ONLY_ACTIVE_ARCH = YES;
				SDKROOT = iphoneos;
				TARGETED_DEVICE_FAMILY = "1,2";
			};
			name = Debug;
		};
		C6734F921A7A444E0026410F /* Release */ = {
			isa = XCBuildConfiguration;
			buildSettings = {
				ALWAYS_SEARCH_USER_PATHS = NO;
				CLANG_CXX_LANGUAGE_STANDARD = "gnu++0x";
				CLANG_CXX_LIBRARY = "libc++";
				CLANG_ENABLE_MODULES = YES;
				CLANG_ENABLE_OBJC_ARC = YES;
				CLANG_WARN_BOOL_CONVERSION = YES;
				CLANG_WARN_CONSTANT_CONVERSION = YES;
				CLANG_WARN_DIRECT_OBJC_ISA_USAGE = YES_ERROR;
				CLANG_WARN_EMPTY_BODY = YES;
				CLANG_WARN_ENUM_CONVERSION = YES;
				CLANG_WARN_INT_CONVERSION = YES;
				CLANG_WARN_OBJC_ROOT_CLASS = YES_ERROR;
				CLANG_WARN_UNREACHABLE_CODE = YES;
				CLANG_WARN__DUPLICATE_METHOD_MATCH = YES;
				"CODE_SIGN_IDENTITY[sdk=iphoneos*]" = "iPhone Developer";
				COPY_PHASE_STRIP = YES;
				ENABLE_NS_ASSERTIONS = NO;
				ENABLE_STRICT_OBJC_MSGSEND = YES;
				GCC_C_LANGUAGE_STANDARD = gnu99;
				GCC_WARN_64_TO_32_BIT_CONVERSION = YES;
				GCC_WARN_ABOUT_RETURN_TYPE = YES_ERROR;
				GCC_WARN_UNDECLARED_SELECTOR = YES;
				GCC_WARN_UNINITIALIZED_AUTOS = YES_AGGRESSIVE;
				GCC_WARN_UNUSED_FUNCTION = YES;
				GCC_WARN_UNUSED_VARIABLE = YES;
				IPHONEOS_DEPLOYMENT_TARGET = 8.0;
				MTL_ENABLE_DEBUG_INFO = NO;
				SDKROOT = iphoneos;
				TARGETED_DEVICE_FAMILY = "1,2";
				VALIDATE_PRODUCT = YES;
			};
			name = Release;
		};
		C6734F941A7A444E0026410F /* Debug */ = {
			isa = XCBuildConfiguration;
			buildSettings = {
				ASSETCATALOG_COMPILER_APPICON_NAME = AppIcon;
				INFOPLIST_FILE = TBCustomLab/Info.plist;
				LD_RUNPATH_SEARCH_PATHS = "$(inherited) @executable_path/Frameworks";
				PRODUCT_NAME = "$(TARGET_NAME)";
			};
			name = Debug;
		};
		C6734F951A7A444E0026410F /* Release */ = {
			isa = XCBuildConfiguration;
			buildSettings = {
				ASSETCATALOG_COMPILER_APPICON_NAME = AppIcon;
				INFOPLIST_FILE = TBCustomLab/Info.plist;
				LD_RUNPATH_SEARCH_PATHS = "$(inherited) @executable_path/Frameworks";
				PRODUCT_NAME = "$(TARGET_NAME)";
			};
			name = Release;
		};
		C6734F971A7A444E0026410F /* Debug */ = {
			isa = XCBuildConfiguration;
			buildSettings = {
				BUNDLE_LOADER = "$(TEST_HOST)";
				FRAMEWORK_SEARCH_PATHS = (
					"$(SDKROOT)/Developer/Library/Frameworks",
					"$(inherited)",
				);
				GCC_PREPROCESSOR_DEFINITIONS = (
					"DEBUG=1",
					"$(inherited)",
				);
				INFOPLIST_FILE = TBCustomLabTests/Info.plist;
				LD_RUNPATH_SEARCH_PATHS = "$(inherited) @executable_path/Frameworks @loader_path/Frameworks";
				PRODUCT_NAME = "$(TARGET_NAME)";
				TEST_HOST = "$(BUILT_PRODUCTS_DIR)/TBCustomLab.app/TBCustomLab";
			};
			name = Debug;
		};
		C6734F981A7A444E0026410F /* Release */ = {
			isa = XCBuildConfiguration;
			buildSettings = {
				BUNDLE_LOADER = "$(TEST_HOST)";
				FRAMEWORK_SEARCH_PATHS = (
					"$(SDKROOT)/Developer/Library/Frameworks",
					"$(inherited)",
				);
				INFOPLIST_FILE = TBCustomLabTests/Info.plist;
				LD_RUNPATH_SEARCH_PATHS = "$(inherited) @executable_path/Frameworks @loader_path/Frameworks";
				PRODUCT_NAME = "$(TARGET_NAME)";
				TEST_HOST = "$(BUILT_PRODUCTS_DIR)/TBCustomLab.app/TBCustomLab";
			};
			name = Release;
		};
/* End XCBuildConfiguration section */

/* Begin XCConfigurationList section */
		C6734F6B1A7A444D0026410F /* Build configuration list for PBXProject "TBCustomLab" */ = {
			isa = XCConfigurationList;
			buildConfigurations = (
				C6734F911A7A444E0026410F /* Debug */,
				C6734F921A7A444E0026410F /* Release */,
			);
			defaultConfigurationIsVisible = 0;
			defaultConfigurationName = Release;
		};
		C6734F931A7A444E0026410F /* Build configuration list for PBXNativeTarget "TBCustomLab" */ = {
			isa = XCConfigurationList;
			buildConfigurations = (
				C6734F941A7A444E0026410F /* Debug */,
				C6734F951A7A444E0026410F /* Release */,
			);
			defaultConfigurationIsVisible = 0;
		};
		C6734F961A7A444E0026410F /* Build configuration list for PBXNativeTarget "TBCustomLabTests" */ = {
			isa = XCConfigurationList;
			buildConfigurations = (
				C6734F971A7A444E0026410F /* Debug */,
				C6734F981A7A444E0026410F /* Release */,
			);
			defaultConfigurationIsVisible = 0;
		};
/* End XCConfigurationList section */
	};
	rootObject = C6734F681A7A444D0026410F /* Project object */;
}
